{
  "name": "Bolt_Automation",
  "version": "1.0.0",
  "lockfileVersion": 2,
  "requires": true,
  "packages": {
    "": {
      "name": "Bolt_Automation",
      "version": "1.0.0",
      "license": "ISC",
      "dependencies": {
        "playwright": "^1.28.1"
      },
      "devDependencies": {
        "@playwright/test": "^1.23.1",
        "@types/node": "^18.14.2"
      }
    },
    "node_modules/@playwright/test": {
      "version": "1.23.1",
      "resolved": "https://registry.npmjs.org/@playwright/test/-/test-1.23.1.tgz",
      "integrity": "sha512-dKplLPSYPZgnsBk1xxOophhpx3ZVg8DveoNJgLPe096lDCfmaIIreLsYF+4hqzy3PG61IP+aEnG5VAOjC3bhbA==",
      "dev": true,
      "dependencies": {
        "@types/node": "*",
        "playwright-core": "1.23.1"
      },
      "bin": {
        "playwright": "cli.js"
      },
      "engines": {
        "node": ">=14"
      }
    },
    "node_modules/@playwright/test/node_modules/playwright-core": {
      "version": "1.23.1",
      "resolved": "https://registry.npmjs.org/playwright-core/-/playwright-core-1.23.1.tgz",
      "integrity": "sha512-9CXsE0gawph4KXl6oUaa0ehHRySZjHvly4TybcBXDvzK3N3o6L/eZ8Q6iVWUiMn0LLS5bRFxo1qEtOETlYJxjw==",
      "dev": true,
      "bin": {
        "playwright": "cli.js"
      },
      "engines": {
        "node": ">=14"
      }
    },
    "node_modules/@types/node": {
      "version": "18.15.11",
      "resolved": "https://registry.npmjs.org/@types/node/-/node-18.15.11.tgz",
      "integrity": "sha512-E5Kwq2n4SbMzQOn6wnmBjuK9ouqlURrcZDVfbo9ftDDTFt3nk7ZKK4GMOzoYgnpQJKcxwQw+lGaBvvlMo0qN/Q==",
      "dev": true
    },
    "node_modules/playwright": {
      "version": "1.28.1",
      "resolved": "https://registry.npmjs.org/playwright/-/playwright-1.28.1.tgz",
      "integrity": "sha512-92Sz6XBlfHlb9tK5UCDzIFAuIkHHpemA9zwUaqvo+w7sFMSmVMGmvKcbptof/eJObq63PGnMhM75x7qxhTR78Q==",
      "hasInstallScript": true,
      "dependencies": {
        "playwright-core": "1.28.1"
      },
      "bin": {
        "playwright": "cli.js"
      },
      "engines": {
        "node": ">=14"
      }
    },
    "node_modules/playwright-core": {
      "version": "1.28.1",
      "resolved": "https://registry.npmjs.org/playwright-core/-/playwright-core-1.28.1.tgz",
      "integrity": "sha512-3PixLnGPno0E8rSBJjtwqTwJe3Yw72QwBBBxNoukIj3lEeBNXwbNiKrNuB1oyQgTBw5QHUhNO3SteEtHaMK6ag==",
      "bin": {
        "playwright": "cli.js"
      },
      "engines": {
        "node": ">=14"
      }
    }
  },
  "dependencies": {
    "@playwright/test": {
      "version": "1.23.1",
      "resolved": "https://registry.npmjs.org/@playwright/test/-/test-1.23.1.tgz",
      "integrity": "sha512-dKplLPSYPZgnsBk1xxOophhpx3ZVg8DveoNJgLPe096lDCfmaIIreLsYF+4hqzy3PG61IP+aEnG5VAOjC3bhbA==",
      "dev": true,
      "requires": {
        "@types/node": "*",
        "playwright-core": "1.23.1"
      },
      "dependencies": {
        "playwright-core": {
          "version": "1.23.1",
          "resolved": "https://registry.npmjs.org/playwright-core/-/playwright-core-1.23.1.tgz",
          "integrity": "sha512-9CXsE0gawph4KXl6oUaa0ehHRySZjHvly4TybcBXDvzK3N3o6L/eZ8Q6iVWUiMn0LLS5bRFxo1qEtOETlYJxjw==",
          "dev": true
        }
      }
    },
    "@types/node": {
      "version": "18.15.11",
      "resolved": "https://registry.npmjs.org/@types/node/-/node-18.15.11.tgz",
      "integrity": "sha512-E5Kwq2n4SbMzQOn6wnmBjuK9ouqlURrcZDVfbo9ftDDTFt3nk7ZKK4GMOzoYgnpQJKcxwQw+lGaBvvlMo0qN/Q==",
      "dev": true
    },
    "playwright": {
      "version": "1.28.1",
      "resolved": "https://registry.npmjs.org/playwright/-/playwright-1.28.1.tgz",
      "integrity": "sha512-92Sz6XBlfHlb9tK5UCDzIFAuIkHHpemA9zwUaqvo+w7sFMSmVMGmvKcbptof/eJObq63PGnMhM75x7qxhTR78Q==",
      "requires": {
        "playwright-core": "1.28.1"
      }
    },
    "playwright-core": {
      "version": "1.28.1",
      "resolved": "https://registry.npmjs.org/playwright-core/-/playwright-core-1.28.1.tgz",
      "integrity": "sha512-3PixLnGPno0E8rSBJjtwqTwJe3Yw72QwBBBxNoukIj3lEeBNXwbNiKrNuB1oyQgTBw5QHUhNO3SteEtHaMK6ag=="
    }
  }
}
